
Microsoft Visual Studio Solution File, Format Version 12.00
# Visual Studio Version 16
VisualStudioVersion = 16.0.29230.47
MinimumVisualStudioVersion = 10.0.40219.1
Project("{8BC9CEB8-8B4A-11D0-8D11-00A0C91BC942}") = "Foundations", "Foundations.vcxproj", "{3FB89B3B-A77B-482B-A384-1974F922EEAE}"
EndProject
Global
	GlobalSection(SolutionConfigurationPlatforms) = preSolution
		Debug|x64 = Debug|x64
		Debug|x86 = Debug|x86
		Release|x64 = Release|x64
		Release|x86 = Release|x86
	EndGlobalSection
	GlobalSection(ProjectConfigurationPlatforms) = postSolution
		{3FB89B3B-A77B-482B-A384-1974F922EEAE}.Debug|x64.ActiveCfg = Debug|x64
		{3FB89B3B-A77B-482B-A384-1974F922EEAE}.Debug|x64.Build.0 = Debug|x64
		{3FB89B3B-A77B-482B-A384-1974F922EEAE}.Debug|x86.ActiveCfg = Debug|Win32
		{3FB89B3B-A77B-482B-A384-1974F922EEAE}.Debug|x86.Build.0 = Debug|Win32
		{3FB89B3B-A77B-482B-A384-1974F922EEAE}.Release|x64.ActiveCfg = Release|x64
		{3FB89B3B-A77B-482B-A384-1974F922EEAE}.Release|x64.Build.0 = Release|x64
		{3FB89B3B-A77B-482B-A384-1974F922EEAE}.Release|x86.ActiveCfg = Release|Win32
		{3FB89B3B-A77B-482B-A384-1974F922EEAE}.Release|x86.Build.0 = Release|Win32
	EndGlobalSection
	GlobalSection(SolutionProperties) = preSolution
		HideSolutionNode = FALSE
	EndGlobalSection
	GlobalSection(ExtensibilityGlobals) = postSolution
		SolutionGuid = {E66881A5-85C4-41BB-A014-F2B618D0C36E}
	EndGlobalSection
EndGlobal
